{
  "originHash" : "d7f60a659e65ec707ab522c54d5ea655f31da0697baae8e43c8f398e7f5c3f38",
  "pins" : [
    {
      "identity" : "swift-concurrency-extras",
      "kind" : "remoteSourceControl",
      "location" : "https://github.com/oskarirauta/swift-concurrency-extras",
      "state" : {
        "revision" : "ce97dd3772a89ac1309c808a935d4aca287af4c7",
        "version" : "1.3.2"
      }
    },
    {
      "identity" : "xctest-dynamic-overlay",
      "kind" : "remoteSourceControl",
      "location" : "https://github.com/pointfreeco/xctest-dynamic-overlay",
      "state" : {
        "revision" : "357ca1e5dd31f613a1d43320870ebc219386a495",
        "version" : "1.2.2"
      }
    }
  ],
  "version" : 3
}
